// !$*UTF8*$!
{
	archiveVersion = 1;
	classes = {
	};
	objectVersion = 52;
	objects = {

/* Begin PBXBuildFile section */
		A7740A6D26C56FC50031274E /* AppDelegate.swift in Sources */ = {isa = PBXBuildFile; fileRef = A7740A6C26C56FC50031274E /* AppDelegate.swift */; };
		A7740A6F26C56FC80031274E /* Assets.xcassets in Resources */ = {isa = PBXBuildFile; fileRef = A7740A6E26C56FC80031274E /* Assets.xcassets */; };
		A7740A7226C56FC80031274E /* MainMenu.xib in Resources */ = {isa = PBXBuildFile; fileRef = A7740A7026C56FC80031274E /* MainMenu.xib */; };
		A7740A7B26C570090031274E /* HotKeyListener.swift in Sources */ = {isa = PBXBuildFile; fileRef = A7740A7A26C570090031274E /* HotKeyListener.swift */; };
		A7740A7E26C57BDC0031274E /* MASShortcut in Frameworks */ = {isa = PBXBuildFile; productRef = A7740A7D26C57BDC0031274E /* MASShortcut */; };
/* End PBXBuildFile section */

/* Begin PBXFileReference section */
		A7740A6926C56FC50031274E /* CopyAndSpeak.app */ = {isa = PBXFileReference; explicitFileType = wrapper.application; includeInIndex = 0; path = CopyAndSpeak.app; sourceTree = BUILT_PRODUCTS_DIR; };
		A7740A6C26C56FC50031274E /* AppDelegate.swift */ = {isa = PBXFileReference; lastKnownFileType = sourcecode.swift; path = AppDelegate.swift; sourceTree = "<group>"; };
		A7740A6E26C56FC80031274E /* Assets.xcassets */ = {isa = PBXFileReference; lastKnownFileType = folder.assetcatalog; path = Assets.xcassets; sourceTree = "<group>"; };
		A7740A7126C56FC80031274E /* Base */ = {isa = PBXFileReference; lastKnownFileType = file.xib; name = Base; path = Base.lproj/MainMenu.xib; sourceTree = "<group>"; };
		A7740A7326C56FC80031274E /* Info.plist */ = {isa = PBXFileReference; lastKnownFileType = text.plist.xml; path = Info.plist; sourceTree = "<group>"; };
		A7740A7426C56FC80031274E /* CopyAndSpeak.entitlements */ = {isa = PBXFileReference; lastKnownFileType = text.plist.entitlements; path = CopyAndSpeak.entitlements; sourceTree = "<group>"; };
		A7740A7A26C570090031274E /* HotKeyListener.swift */ = {isa = PBXFileReference; lastKnownFileType = sourcecode.swift; path = HotKeyListener.swift; sourceTree = "<group>"; };
/* End PBXFileReference section */

/* Begin PBXFrameworksBuildPhase section */
		A7740A6626C56FC50031274E /* Frameworks */ = {
			isa = PBXFrameworksBuildPhase;
			buildActionMask = 2147483647;
			files = (
				A7740A7E26C57BDC0031274E /* MASShortcut in Frameworks */,
			);
			runOnlyForDeploymentPostprocessing = 0;
		};
/* End PBXFrameworksBuildPhase section */

/* Begin PBXGroup section */
		A7740A6026C56FC50031274E = {
			isa = PBXGroup;
			children = (
				A7740A6B26C56FC50031274E /* CopyAndSpeak */,
				A7740A6A26C56FC50031274E /* Products */,
			);
			sourceTree = "<group>";
		};
		A7740A6A26C56FC50031274E /* Products */ = {
			isa = PBXGroup;
			children = (
				A7740A6926C56FC50031274E /* CopyAndSpeak.app */,
			);
			name = Products;
			sourceTree = "<group>";
		};
		A7740A6B26C56FC50031274E /* CopyAndSpeak */ = {
			isa = PBXGroup;
			children = (
				A7740A6C26C56FC50031274E /* AppDelegate.swift */,
				A7740A7A26C570090031274E /* HotKeyListener.swift */,
				A7740A6E26C56FC80031274E /* Assets.xcassets */,
				A7740A7026C56FC80031274E /* MainMenu.xib */,
				A7740A7326C56FC80031274E /* Info.plist */,
				A7740A7426C56FC80031274E /* CopyAndSpeak.entitlements */,
			);
			path = CopyAndSpeak;
			sourceTree = "<group>";
		};
/* End PBXGroup section */

/* Begin PBXNativeTarget section */
		A7740A6826C56FC50031274E /* CopyAndSpeak */ = {
			isa = PBXNativeTarget;
			buildConfigurationList = A7740A7726C56FC80031274E /* Build configuration list for PBXNativeTarget "CopyAndSpeak" */;
			buildPhases = (
				A7740A6526C56FC50031274E /* Sources */,
				A7740A6626C56FC50031274E /* Frameworks */,
				A7740A6726C56FC50031274E /* Resources */,
			);
			buildRules = (
			);
			dependencies = (
			);
			name = CopyAndSpeak;
			packageProductDependencies = (
				A7740A7D26C57BDC0031274E /* MASShortcut */,
			);
			productName = CopyAndSpeak;
			productReference = A7740A6926C56FC50031274E /* CopyAndSpeak.app */;
			productType = "com.apple.product-type.application";
		};
/* End PBXNativeTarget section */

/* Begin PBXProject section */
		A7740A6126C56FC50031274E /* Project object */ = {
			isa = PBXProject;
			attributes = {
				LastSwiftUpdateCheck = 1250;
				LastUpgradeCheck = 1250;
				TargetAttributes = {
					A7740A6826C56FC50031274E = {
						CreatedOnToolsVersion = 12.5.1;
					};
				};
			};
			buildConfigurationList = A7740A6426C56FC50031274E /* Build configuration list for PBXProject "CopyAndSpeak" */;
			compatibilityVersion = "Xcode 9.3";
			developmentRegion = en;
			hasScannedForEncodings = 0;
			knownRegions = (
				en,
				Base,
			);
			mainGroup = A7740A6026C56FC50031274E;
			packageReferences = (
				A7740A7C26C57BDC0031274E /* XCRemoteSwiftPackageReference "MASShortcut" */,
			);
			productRefGroup = A7740A6A26C56FC50031274E /* Products */;
			projectDirPath = "";
			projectRoot = "";
			targets = (
				A7740A6826C56FC50031274E /* CopyAndSpeak */,
			);
		};
/* End PBXProject section */

/* Begin PBXResourcesBuildPhase section */
		A7740A6726C56FC50031274E /* Resources */ = {
			isa = PBXResourcesBuildPhase;
			buildActionMask = 2147483647;
			files = (
				A7740A6F26C56FC80031274E /* Assets.xcassets in Resources */,
				A7740A7226C56FC80031274E /* MainMenu.xib in Resources */,
			);
			runOnlyForDeploymentPostprocessing = 0;
		};
/* End PBXResourcesBuildPhase section */

/* Begin PBXSourcesBuildPhase section */
		A7740A6526C56FC50031274E /* Sources */ = {
			isa = PBXSourcesBuildPhase;
			buildActionMask = 2147483647;
			files = (
				A7740A6D26C56FC50031274E /* AppDelegate.swift in Sources */,
				A7740A7B26C570090031274E /* HotKeyListener.swift in Sources */,
			);
			runOnlyForDeploymentPostprocessing = 0;
		};
/* End PBXSourcesBuildPhase section */

/* Begin PBXVariantGroup section */
		A7740A7026C56FC80031274E /* MainMenu.xib */ = {
			isa = PBXVariantGroup;
			children = (
				A7740A7126C56FC80031274E /* Base */,
			);
			name = MainMenu.xib;
			sourceTree = "<group>";
		};
/* End PBXVariantGroup section */

/* Begin XCBuildConfiguration section */
		A7740A7526C56FC80031274E /* Debug */ = {
			isa = XCBuildConfiguration;
			buildSettings = {
				ALWAYS_SEARCH_USER_PATHS = NO;
				CLANG_ANALYZER_NONNULL = YES;
				CLANG_ANALYZER_NUMBER_OBJECT_CONVERSION = YES_AGGRESSIVE;
				CLANG_CXX_LANGUAGE_STANDARD = "gnu++14";
				CLANG_CXX_LIBRARY = "libc++";
				CLANG_ENABLE_MODULES = YES;
				CLANG_ENABLE_OBJC_ARC = YES;
				CLANG_ENABLE_OBJC_WEAK = YES;
				CLANG_WARN_BLOCK_CAPTURE_AUTORELEASING = YES;
				CLANG_WARN_BOOL_CONVERSION = YES;
				CLANG_WARN_COMMA = YES;
				CLANG_WARN_CONSTANT_CONVERSION = YES;
				CLANG_WARN_DEPRECATED_OBJC_IMPLEMENTATIONS = YES;
				CLANG_WARN_DIRECT_OBJC_ISA_USAGE = YES_ERROR;
				CLANG_WARN_DOCUMENTATION_COMMENTS = YES;
				CLANG_WARN_EMPTY_BODY = YES;
				CLANG_WARN_ENUM_CONVERSION = YES;
				CLANG_WARN_INFINITE_RECURSION = YES;
				CLANG_WARN_INT_CONVERSION = YES;
				CLANG_WARN_NON_LITERAL_NULL_CONVERSION = YES;
				CLANG_WARN_OBJC_IMPLICIT_RETAIN_SELF = YES;
				CLANG_WARN_OBJC_LITERAL_CONVERSION = YES;
				CLANG_WARN_OBJC_ROOT_CLASS = YES_ERROR;
				CLANG_WARN_QUOTED_INCLUDE_IN_FRAMEWORK_HEADER = YES;
				CLANG_WARN_RANGE_LOOP_ANALYSIS = YES;
				CLANG_WARN_STRICT_PROTOTYPES = YES;
				CLANG_WARN_SUSPICIOUS_MOVE = YES;
				CLANG_WARN_UNGUARDED_AVAILABILITY = YES_AGGRESSIVE;
				CLANG_WARN_UNREACHABLE_CODE = YES;
				CLANG_WARN__DUPLICATE_METHOD_MATCH = YES;
				COPY_PHASE_STRIP = NO;
				DEBUG_INFORMATION_FORMAT = dwarf;
				ENABLE_STRICT_OBJC_MSGSEND = YES;
				ENABLE_TESTABILITY = YES;
				GCC_C_LANGUAGE_STANDARD = gnu11;
				GCC_DYNAMIC_NO_PIC = NO;
				GCC_NO_COMMON_BLOCKS = YES;
				GCC_OPTIMIZATION_LEVEL = 0;
				GCC_PREPROCESSOR_DEFINITIONS = (
					"DEBUG=1",
					"$(inherited)",
				);
				GCC_WARN_64_TO_32_BIT_CONVERSION = YES;
				GCC_WARN_ABOUT_RETURN_TYPE = YES_ERROR;
				GCC_WARN_UNDECLARED_SELECTOR = YES;
				GCC_WARN_UNINITIALIZED_AUTOS = YES_AGGRESSIVE;
				GCC_WARN_UNUSED_FUNCTION = YES;
				GCC_WARN_UNUSED_VARIABLE = YES;
				MACOSX_DEPLOYMENT_TARGET = 11.3;
				MTL_ENABLE_DEBUG_INFO = INCLUDE_SOURCE;
				MTL_FAST_MATH = YES;
				ONLY_ACTIVE_ARCH = YES;
				SDKROOT = macosx;
				SWIFT_ACTIVE_COMPILATION_CONDITIONS = DEBUG;
				SWIFT_OPTIMIZATION_LEVEL = "-Onone";
			};
			name = Debug;
		};
		A7740A7626C56FC80031274E /* Release */ = {
			isa = XCBuildConfiguration;
			buildSettings = {
				ALWAYS_SEARCH_USER_PATHS = NO;
				CLANG_ANALYZER_NONNULL = YES;
				CLANG_ANALYZER_NUMBER_OBJECT_CONVERSION = YES_AGGRESSIVE;
				CLANG_CXX_LANGUAGE_STANDARD = "gnu++14";
				CLANG_CXX_LIBRARY = "libc++";
				CLANG_ENABLE_MODULES = YES;
				CLANG_ENABLE_OBJC_ARC = YES;
				CLANG_ENABLE_OBJC_WEAK = YES;
				CLANG_WARN_BLOCK_CAPTURE_AUTORELEASING = YES;
				CLANG_WARN_BOOL_CONVERSION = YES;
				CLANG_WARN_COMMA = YES;
				CLANG_WARN_CONSTANT_CONVERSION = YES;
				CLANG_WARN_DEPRECATED_OBJC_IMPLEMENTATIONS = YES;
				CLANG_WARN_DIRECT_OBJC_ISA_USAGE = YES_ERROR;
				CLANG_WARN_DOCUMENTATION_COMMENTS = YES;
				CLANG_WARN_EMPTY_BODY = YES;
				CLANG_WARN_ENUM_CONVERSION = YES;
				CLANG_WARN_INFINITE_RECURSION = YES;
				CLANG_WARN_INT_CONVERSION = YES;
				CLANG_WARN_NON_LITERAL_NULL_CONVERSION = YES;
				CLANG_WARN_OBJC_IMPLICIT_RETAIN_SELF = YES;
				CLANG_WARN_OBJC_LITERAL_CONVERSION = YES;
				CLANG_WARN_OBJC_ROOT_CLASS = YES_ERROR;
				CLANG_WARN_QUOTED_INCLUDE_IN_FRAMEWORK_HEADER = YES;
				CLANG_WARN_RANGE_LOOP_ANALYSIS = YES;
				CLANG_WARN_STRICT_PROTOTYPES = YES;
				CLANG_WARN_SUSPICIOUS_MOVE = YES;
				CLANG_WARN_UNGUARDED_AVAILABILITY = YES_AGGRESSIVE;
				CLANG_WARN_UNREACHABLE_CODE = YES;
				CLANG_WARN__DUPLICATE_METHOD_MATCH = YES;
				COPY_PHASE_STRIP = NO;
				DEBUG_INFORMATION_FORMAT = "dwarf-with-dsym";
				ENABLE_NS_ASSERTIONS = NO;
				ENABLE_STRICT_OBJC_MSGSEND = YES;
				GCC_C_LANGUAGE_STANDARD = gnu11;
				GCC_NO_COMMON_BLOCKS = YES;
				GCC_WARN_64_TO_32_BIT_CONVERSION = YES;
				GCC_WARN_ABOUT_RETURN_TYPE = YES_ERROR;
				GCC_WARN_UNDECLARED_SELECTOR = YES;
				GCC_WARN_UNINITIALIZED_AUTOS = YES_AGGRESSIVE;
				GCC_WARN_UNUSED_FUNCTION = YES;
				GCC_WARN_UNUSED_VARIABLE = YES;
				MACOSX_DEPLOYMENT_TARGET = 11.3;
				MTL_ENABLE_DEBUG_INFO = NO;
				MTL_FAST_MATH = YES;
				SDKROOT = macosx;
				SWIFT_COMPILATION_MODE = wholemodule;
				SWIFT_OPTIMIZATION_LEVEL = "-O";
			};
			name = Release;
		};
		A7740A7826C56FC80031274E /* Debug */ = {
			isa = XCBuildConfiguration;
			buildSettings = {
				ASSETCATALOG_COMPILER_APPICON_NAME = AppIcon;
				ASSETCATALOG_COMPILER_GLOBAL_ACCENT_COLOR_NAME = AccentColor;
				CODE_SIGN_ENTITLEMENTS = CopyAndSpeak/CopyAndSpeak.entitlements;
				CODE_SIGN_STYLE = Automatic;
				COMBINE_HIDPI_IMAGES = YES;
				INFOPLIST_FILE = CopyAndSpeak/Info.plist;
				LD_RUNPATH_SEARCH_PATHS = (
					"$(inherited)",
					"@executable_path/../Frameworks",
				);
				PRODUCT_BUNDLE_IDENTIFIER = okocsis.CopyAndSpeak;
				PRODUCT_NAME = "$(TARGET_NAME)";
				SWIFT_VERSION = 5.0;
			};
			name = Debug;
		};
		A7740A7926C56FC80031274E /* Release */ = {
			isa = XCBuildConfiguration;
			buildSettings = {
				ASSETCATALOG_COMPILER_APPICON_NAME = AppIcon;
				ASSETCATALOG_COMPILER_GLOBAL_ACCENT_COLOR_NAME = AccentColor;
				CODE_SIGN_ENTITLEMENTS = CopyAndSpeak/CopyAndSpeak.entitlements;
				CODE_SIGN_STYLE = Automatic;
				COMBINE_HIDPI_IMAGES = YES;
				INFOPLIST_FILE = CopyAndSpeak/Info.plist;
				LD_RUNPATH_SEARCH_PATHS = (
					"$(inherited)",
					"@executable_path/../Frameworks",
				);
				PRODUCT_BUNDLE_IDENTIFIER = okocsis.CopyAndSpeak;
				PRODUCT_NAME = "$(TARGET_NAME)";
				SWIFT_VERSION = 5.0;
			};
			name = Release;
		};
/* End XCBuildConfiguration section */

/* Begin XCConfigurationList section */
		A7740A6426C56FC50031274E /* Build configuration list for PBXProject "CopyAndSpeak" */ = {
			isa = XCConfigurationList;
			buildConfigurations = (
				A7740A7526C56FC80031274E /* Debug */,
				A7740A7626C56FC80031274E /* Release */,
			);
			defaultConfigurationIsVisible = 0;
			defaultConfigurationName = Release;
		};
		A7740A7726C56FC80031274E /* Build configuration list for PBXNativeTarget "CopyAndSpeak" */ = {
			isa = XCConfigurationList;
			buildConfigurations = (
				A7740A7826C56FC80031274E /* Debug */,
				A7740A7926C56FC80031274E /* Release */,
			);
			defaultConfigurationIsVisible = 0;
			defaultConfigurationName = Release;
		};
/* End XCConfigurationList section */

/* Begin XCRemoteSwiftPackageReference section */
		A7740A7C26C57BDC0031274E /* XCRemoteSwiftPackageReference "MASShortcut" */ = {
			isa = XCRemoteSwiftPackageReference;
			repositoryURL = "https://github.com/sweetppro/MASShortcut";
			requirement = {
				branch = master;
				kind = branch;
			};
		};
/* End XCRemoteSwiftPackageReference section */

/* Begin XCSwiftPackageProductDependency section */
		A7740A7D26C57BDC0031274E /* MASShortcut */ = {
			isa = XCSwiftPackageProductDependency;
			package = A7740A7C26C57BDC0031274E /* XCRemoteSwiftPackageReference "MASShortcut" */;
			productName = MASShortcut;
		};
/* End XCSwiftPackageProductDependency section */
	};
	rootObject = A7740A6126C56FC50031274E /* Project object */;
}
